// !$*UTF8*$!
{
	archiveVersion = 1;
	classes = {
	};
	objectVersion = 46;
	objects = {

/* Begin PBXBuildFile section */
		580FD810192EFD2700F22369 /* Foundation.framework in Frameworks */ = {isa = PBXBuildFile; fileRef = 580FD80F192EFD2700F22369 /* Foundation.framework */; };
		580FD812192EFD2700F22369 /* CoreGraphics.framework in Frameworks */ = {isa = PBXBuildFile; fileRef = 580FD811192EFD2700F22369 /* CoreGraphics.framework */; };
		580FD814192EFD2700F22369 /* UIKit.framework in Frameworks */ = {isa = PBXBuildFile; fileRef = 580FD813192EFD2700F22369 /* UIKit.framework */; };
		580FD81A192EFD2700F22369 /* InfoPlist.strings in Resources */ = {isa = PBXBuildFile; fileRef = 580FD818192EFD2700F22369 /* InfoPlist.strings */; };
		580FD81C192EFD2700F22369 /* main.m in Sources */ = {isa = PBXBuildFile; fileRef = 580FD81B192EFD2700F22369 /* main.m */; };
		580FD820192EFD2700F22369 /* CardGameAppDelegate.m in Sources */ = {isa = PBXBuildFile; fileRef = 580FD81F192EFD2700F22369 /* CardGameAppDelegate.m */; };
		580FD823192EFD2700F22369 /* Main.storyboard in Resources */ = {isa = PBXBuildFile; fileRef = 580FD821192EFD2700F22369 /* Main.storyboard */; };
		580FD826192EFD2700F22369 /* CardGameViewController.m in Sources */ = {isa = PBXBuildFile; fileRef = 580FD825192EFD2700F22369 /* CardGameViewController.m */; };
		580FD828192EFD2700F22369 /* Images.xcassets in Resources */ = {isa = PBXBuildFile; fileRef = 580FD827192EFD2700F22369 /* Images.xcassets */; };
		580FD82F192EFD2700F22369 /* XCTest.framework in Frameworks */ = {isa = PBXBuildFile; fileRef = 580FD82E192EFD2700F22369 /* XCTest.framework */; };
		580FD830192EFD2700F22369 /* Foundation.framework in Frameworks */ = {isa = PBXBuildFile; fileRef = 580FD80F192EFD2700F22369 /* Foundation.framework */; };
		580FD831192EFD2700F22369 /* UIKit.framework in Frameworks */ = {isa = PBXBuildFile; fileRef = 580FD813192EFD2700F22369 /* UIKit.framework */; };
		580FD839192EFD2700F22369 /* InfoPlist.strings in Resources */ = {isa = PBXBuildFile; fileRef = 580FD837192EFD2700F22369 /* InfoPlist.strings */; };
		580FD83B192EFD2700F22369 /* MatchismoTests.m in Sources */ = {isa = PBXBuildFile; fileRef = 580FD83A192EFD2700F22369 /* MatchismoTests.m */; };
/* End PBXBuildFile section */

/* Begin PBXContainerItemProxy section */
		580FD832192EFD2700F22369 /* PBXContainerItemProxy */ = {
			isa = PBXContainerItemProxy;
			containerPortal = 580FD804192EFD2600F22369 /* Project object */;
			proxyType = 1;
			remoteGlobalIDString = 580FD80B192EFD2700F22369;
			remoteInfo = Matchismo;
		};
/* End PBXContainerItemProxy section */

/* Begin PBXFileReference section */
		580FD80C192EFD2700F22369 /* Matchismo.app */ = {isa = PBXFileReference; explicitFileType = wrapper.application; includeInIndex = 0; path = Matchismo.app; sourceTree = BUILT_PRODUCTS_DIR; };
		580FD80F192EFD2700F22369 /* Foundation.framework */ = {isa = PBXFileReference; lastKnownFileType = wrapper.framework; name = Foundation.framework; path = System/Library/Frameworks/Foundation.framework; sourceTree = SDKROOT; };
		580FD811192EFD2700F22369 /* CoreGraphics.framework */ = {isa = PBXFileReference; lastKnownFileType = wrapper.framework; name = CoreGraphics.framework; path = System/Library/Frameworks/CoreGraphics.framework; sourceTree = SDKROOT; };
		580FD813192EFD2700F22369 /* UIKit.framework */ = {isa = PBXFileReference; lastKnownFileType = wrapper.framework; name = UIKit.framework; path = System/Library/Frameworks/UIKit.framework; sourceTree = SDKROOT; };
		580FD817192EFD2700F22369 /* Matchismo-Info.plist */ = {isa = PBXFileReference; lastKnownFileType = text.plist.xml; path = "Matchismo-Info.plist"; sourceTree = "<group>"; };
		580FD819192EFD2700F22369 /* en */ = {isa = PBXFileReference; lastKnownFileType = text.plist.strings; name = en; path = en.lproj/InfoPlist.strings; sourceTree = "<group>"; };
		580FD81B192EFD2700F22369 /* main.m */ = {isa = PBXFileReference; lastKnownFileType = sourcecode.c.objc; path = main.m; sourceTree = "<group>"; };
		580FD81D192EFD2700F22369 /* Matchismo-Prefix.pch */ = {isa = PBXFileReference; lastKnownFileType = sourcecode.c.h; path = "Matchismo-Prefix.pch"; sourceTree = "<group>"; };
		580FD81E192EFD2700F22369 /* CardGameAppDelegate.h */ = {isa = PBXFileReference; lastKnownFileType = sourcecode.c.h; path = CardGameAppDelegate.h; sourceTree = "<group>"; };
		580FD81F192EFD2700F22369 /* CardGameAppDelegate.m */ = {isa = PBXFileReference; lastKnownFileType = sourcecode.c.objc; path = CardGameAppDelegate.m; sourceTree = "<group>"; };
		580FD822192EFD2700F22369 /* Base */ = {isa = PBXFileReference; lastKnownFileType = file.storyboard; name = Base; path = Base.lproj/Main.storyboard; sourceTree = "<group>"; };
		580FD824192EFD2700F22369 /* CardGameViewController.h */ = {isa = PBXFileReference; lastKnownFileType = sourcecode.c.h; path = CardGameViewController.h; sourceTree = "<group>"; };
		580FD825192EFD2700F22369 /* CardGameViewController.m */ = {isa = PBXFileReference; lastKnownFileType = sourcecode.c.objc; path = CardGameViewController.m; sourceTree = "<group>"; };
		580FD827192EFD2700F22369 /* Images.xcassets */ = {isa = PBXFileReference; lastKnownFileType = folder.assetcatalog; path = Images.xcassets; sourceTree = "<group>"; };
		580FD82D192EFD2700F22369 /* MatchismoTests.xctest */ = {isa = PBXFileReference; explicitFileType = wrapper.cfbundle; includeInIndex = 0; path = MatchismoTests.xctest; sourceTree = BUILT_PRODUCTS_DIR; };
		580FD82E192EFD2700F22369 /* XCTest.framework */ = {isa = PBXFileReference; lastKnownFileType = wrapper.framework; name = XCTest.framework; path = Library/Frameworks/XCTest.framework; sourceTree = DEVELOPER_DIR; };
		580FD836192EFD2700F22369 /* MatchismoTests-Info.plist */ = {isa = PBXFileReference; lastKnownFileType = text.plist.xml; path = "MatchismoTests-Info.plist"; sourceTree = "<group>"; };
		580FD838192EFD2700F22369 /* en */ = {isa = PBXFileReference; lastKnownFileType = text.plist.strings; name = en; path = en.lproj/InfoPlist.strings; sourceTree = "<group>"; };
		580FD83A192EFD2700F22369 /* MatchismoTests.m */ = {isa = PBXFileReference; lastKnownFileType = sourcecode.c.objc; path = MatchismoTests.m; sourceTree = "<group>"; };
/* End PBXFileReference section */

/* Begin PBXFrameworksBuildPhase section */
		580FD809192EFD2700F22369 /* Frameworks */ = {
			isa = PBXFrameworksBuildPhase;
			buildActionMask = 2147483647;
			files = (
				580FD812192EFD2700F22369 /* CoreGraphics.framework in Frameworks */,
				580FD814192EFD2700F22369 /* UIKit.framework in Frameworks */,
				580FD810192EFD2700F22369 /* Foundation.framework in Frameworks */,
			);
			runOnlyForDeploymentPostprocessing = 0;
		};
		580FD82A192EFD2700F22369 /* Frameworks */ = {
			isa = PBXFrameworksBuildPhase;
			buildActionMask = 2147483647;
			files = (
				580FD82F192EFD2700F22369 /* XCTest.framework in Frameworks */,
				580FD831192EFD2700F22369 /* UIKit.framework in Frameworks */,
				580FD830192EFD2700F22369 /* Foundation.framework in Frameworks */,
			);
			runOnlyForDeploymentPostprocessing = 0;
		};
/* End PBXFrameworksBuildPhase section */

/* Begin PBXGroup section */
		580FD803192EFD2600F22369 = {
			isa = PBXGroup;
			children = (
				580FD815192EFD2700F22369 /* Matchismo */,
				580FD834192EFD2700F22369 /* MatchismoTests */,
				580FD80E192EFD2700F22369 /* Frameworks */,
				580FD80D192EFD2700F22369 /* Products */,
			);
			sourceTree = "<group>";
		};
		580FD80D192EFD2700F22369 /* Products */ = {
			isa = PBXGroup;
			children = (
				580FD80C192EFD2700F22369 /* Matchismo.app */,
				580FD82D192EFD2700F22369 /* MatchismoTests.xctest */,
			);
			name = Products;
			sourceTree = "<group>";
		};
		580FD80E192EFD2700F22369 /* Frameworks */ = {
			isa = PBXGroup;
			children = (
				580FD80F192EFD2700F22369 /* Foundation.framework */,
				580FD811192EFD2700F22369 /* CoreGraphics.framework */,
				580FD813192EFD2700F22369 /* UIKit.framework */,
				580FD82E192EFD2700F22369 /* XCTest.framework */,
			);
			name = Frameworks;
			sourceTree = "<group>";
		};
		580FD815192EFD2700F22369 /* Matchismo */ = {
			isa = PBXGroup;
			children = (
				580FD81E192EFD2700F22369 /* CardGameAppDelegate.h */,
				580FD81F192EFD2700F22369 /* CardGameAppDelegate.m */,
				580FD821192EFD2700F22369 /* Main.storyboard */,
				580FD824192EFD2700F22369 /* CardGameViewController.h */,
				580FD825192EFD2700F22369 /* CardGameViewController.m */,
				580FD827192EFD2700F22369 /* Images.xcassets */,
				580FD816192EFD2700F22369 /* Supporting Files */,
			);
			path = Matchismo;
			sourceTree = "<group>";
		};
		580FD816192EFD2700F22369 /* Supporting Files */ = {
			isa = PBXGroup;
			children = (
				580FD817192EFD2700F22369 /* Matchismo-Info.plist */,
				580FD818192EFD2700F22369 /* InfoPlist.strings */,
				580FD81B192EFD2700F22369 /* main.m */,
				580FD81D192EFD2700F22369 /* Matchismo-Prefix.pch */,
			);
			name = "Supporting Files";
			sourceTree = "<group>";
		};
		580FD834192EFD2700F22369 /* MatchismoTests */ = {
			isa = PBXGroup;
			children = (
				580FD83A192EFD2700F22369 /* MatchismoTests.m */,
				580FD835192EFD2700F22369 /* Supporting Files */,
			);
			path = MatchismoTests;
			sourceTree = "<group>";
		};
		580FD835192EFD2700F22369 /* Supporting Files */ = {
			isa = PBXGroup;
			children = (
				580FD836192EFD2700F22369 /* MatchismoTests-Info.plist */,
				580FD837192EFD2700F22369 /* InfoPlist.strings */,
			);
			name = "Supporting Files";
			sourceTree = "<group>";
		};
/* End PBXGroup section */

/* Begin PBXNativeTarget section */
		580FD80B192EFD2700F22369 /* Matchismo */ = {
			isa = PBXNativeTarget;
			buildConfigurationList = 580FD83E192EFD2700F22369 /* Build configuration list for PBXNativeTarget "Matchismo" */;
			buildPhases = (
				580FD808192EFD2700F22369 /* Sources */,
				580FD809192EFD2700F22369 /* Frameworks */,
				580FD80A192EFD2700F22369 /* Resources */,
			);
			buildRules = (
			);
			dependencies = (
			);
			name = Matchismo;
			productName = Matchismo;
			productReference = 580FD80C192EFD2700F22369 /* Matchismo.app */;
			productType = "com.apple.product-type.application";
		};
		580FD82C192EFD2700F22369 /* MatchismoTests */ = {
			isa = PBXNativeTarget;
			buildConfigurationList = 580FD841192EFD2700F22369 /* Build configuration list for PBXNativeTarget "MatchismoTests" */;
			buildPhases = (
				580FD829192EFD2700F22369 /* Sources */,
				580FD82A192EFD2700F22369 /* Frameworks */,
				580FD82B192EFD2700F22369 /* Resources */,
			);
			buildRules = (
			);
			dependencies = (
				580FD833192EFD2700F22369 /* PBXTargetDependency */,
			);
			name = MatchismoTests;
			productName = MatchismoTests;
			productReference = 580FD82D192EFD2700F22369 /* MatchismoTests.xctest */;
			productType = "com.apple.product-type.bundle.unit-test";
		};
/* End PBXNativeTarget section */

/* Begin PBXProject section */
		580FD804192EFD2600F22369 /* Project object */ = {
			isa = PBXProject;
			attributes = {
				CLASSPREFIX = CardGame;
				LastUpgradeCheck = 0510;
				ORGANIZATIONNAME = DJIBRILKEITA;
				TargetAttributes = {
					580FD82C192EFD2700F22369 = {
						TestTargetID = 580FD80B192EFD2700F22369;
					};
				};
			};
			buildConfigurationList = 580FD807192EFD2600F22369 /* Build configuration list for PBXProject "Matchismo" */;
			compatibilityVersion = "Xcode 3.2";
			developmentRegion = English;
			hasScannedForEncodings = 0;
			knownRegions = (
				en,
				Base,
			);
			mainGroup = 580FD803192EFD2600F22369;
			productRefGroup = 580FD80D192EFD2700F22369 /* Products */;
			projectDirPath = "";
			projectRoot = "";
			targets = (
				580FD80B192EFD2700F22369 /* Matchismo */,
				580FD82C192EFD2700F22369 /* MatchismoTests */,
			);
		};
/* End PBXProject section */

/* Begin PBXResourcesBuildPhase section */
		580FD80A192EFD2700F22369 /* Resources */ = {
			isa = PBXResourcesBuildPhase;
			buildActionMask = 2147483647;
			files = (
				580FD828192EFD2700F22369 /* Images.xcassets in Resources */,
				580FD81A192EFD2700F22369 /* InfoPlist.strings in Resources */,
				580FD823192EFD2700F22369 /* Main.storyboard in Resources */,
			);
			runOnlyForDeploymentPostprocessing = 0;
		};
		580FD82B192EFD2700F22369 /* Resources */ = {
			isa = PBXResourcesBuildPhase;
			buildActionMask = 2147483647;
			files = (
				580FD839192EFD2700F22369 /* InfoPlist.strings in Resources */,
			);
			runOnlyForDeploymentPostprocessing = 0;
		};
/* End PBXResourcesBuildPhase section */

/* Begin PBXSourcesBuildPhase section */
		580FD808192EFD2700F22369 /* Sources */ = {
			isa = PBXSourcesBuildPhase;
			buildActionMask = 2147483647;
			files = (
				580FD820192EFD2700F22369 /* CardGameAppDelegate.m in Sources */,
				580FD826192EFD2700F22369 /* CardGameViewController.m in Sources */,
				580FD81C192EFD2700F22369 /* main.m in Sources */,
			);
			runOnlyForDeploymentPostprocessing = 0;
		};
		580FD829192EFD2700F22369 /* Sources */ = {
			isa = PBXSourcesBuildPhase;
			buildActionMask = 2147483647;
			files = (
				580FD83B192EFD2700F22369 /* MatchismoTests.m in Sources */,
			);
			runOnlyForDeploymentPostprocessing = 0;
		};
/* End PBXSourcesBuildPhase section */

/* Begin PBXTargetDependency section */
		580FD833192EFD2700F22369 /* PBXTargetDependency */ = {
			isa = PBXTargetDependency;
			target = 580FD80B192EFD2700F22369 /* Matchismo */;
			targetProxy = 580FD832192EFD2700F22369 /* PBXContainerItemProxy */;
		};
/* End PBXTargetDependency section */

/* Begin PBXVariantGroup section */
		580FD818192EFD2700F22369 /* InfoPlist.strings */ = {
			isa = PBXVariantGroup;
			children = (
				580FD819192EFD2700F22369 /* en */,
			);
			name = InfoPlist.strings;
			sourceTree = "<group>";
		};
		580FD821192EFD2700F22369 /* Main.storyboard */ = {
			isa = PBXVariantGroup;
			children = (
				580FD822192EFD2700F22369 /* Base */,
			);
			name = Main.storyboard;
			sourceTree = "<group>";
		};
		580FD837192EFD2700F22369 /* InfoPlist.strings */ = {
			isa = PBXVariantGroup;
			children = (
				580FD838192EFD2700F22369 /* en */,
			);
			name = InfoPlist.strings;
			sourceTree = "<group>";
		};
/* End PBXVariantGroup section */

/* Begin XCBuildConfiguration section */
		580FD83C192EFD2700F22369 /* Debug */ = {
			isa = XCBuildConfiguration;
			buildSettings = {
				ALWAYS_SEARCH_USER_PATHS = NO;
				CLANG_CXX_LANGUAGE_STANDARD = "gnu++0x";
				CLANG_CXX_LIBRARY = "libc++";
				CLANG_ENABLE_MODULES = YES;
				CLANG_ENABLE_OBJC_ARC = YES;
				CLANG_WARN_BOOL_CONVERSION = YES;
				CLANG_WARN_CONSTANT_CONVERSION = YES;
				CLANG_WARN_DIRECT_OBJC_ISA_USAGE = YES_ERROR;
				CLANG_WARN_EMPTY_BODY = YES;
				CLANG_WARN_ENUM_CONVERSION = YES;
				CLANG_WARN_INT_CONVERSION = YES;
				CLANG_WARN_OBJC_ROOT_CLASS = YES_ERROR;
				CLANG_WARN__DUPLICATE_METHOD_MATCH = YES;
				"CODE_SIGN_IDENTITY[sdk=iphoneos*]" = "iPhone Developer";
				COPY_PHASE_STRIP = NO;
				GCC_C_LANGUAGE_STANDARD = gnu99;
				GCC_DYNAMIC_NO_PIC = NO;
				GCC_OPTIMIZATION_LEVEL = 0;
				GCC_PREPROCESSOR_DEFINITIONS = (
					"DEBUG=1",
					"$(inherited)",
				);
				GCC_SYMBOLS_PRIVATE_EXTERN = NO;
				GCC_WARN_64_TO_32_BIT_CONVERSION = YES;
				GCC_WARN_ABOUT_RETURN_TYPE = YES_ERROR;
				GCC_WARN_UNDECLARED_SELECTOR = YES;
				GCC_WARN_UNINITIALIZED_AUTOS = YES_AGGRESSIVE;
				GCC_WARN_UNUSED_FUNCTION = YES;
				GCC_WARN_UNUSED_VARIABLE = YES;
				IPHONEOS_DEPLOYMENT_TARGET = 7.1;
				ONLY_ACTIVE_ARCH = YES;
				SDKROOT = iphoneos;
			};
			name = Debug;
		};
		580FD83D192EFD2700F22369 /* Release */ = {
			isa = XCBuildConfiguration;
			buildSettings = {
				ALWAYS_SEARCH_USER_PATHS = NO;
				CLANG_CXX_LANGUAGE_STANDARD = "gnu++0x";
				CLANG_CXX_LIBRARY = "libc++";
				CLANG_ENABLE_MODULES = YES;
				CLANG_ENABLE_OBJC_ARC = YES;
				CLANG_WARN_BOOL_CONVERSION = YES;
				CLANG_WARN_CONSTANT_CONVERSION = YES;
				CLANG_WARN_DIRECT_OBJC_ISA_USAGE = YES_ERROR;
				CLANG_WARN_EMPTY_BODY = YES;
				CLANG_WARN_ENUM_CONVERSION = YES;
				CLANG_WARN_INT_CONVERSION = YES;
				CLANG_WARN_OBJC_ROOT_CLASS = YES_ERROR;
				CLANG_WARN__DUPLICATE_METHOD_MATCH = YES;
				"CODE_SIGN_IDENTITY[sdk=iphoneos*]" = "iPhone Developer";
				COPY_PHASE_STRIP = YES;
				ENABLE_NS_ASSERTIONS = NO;
				GCC_C_LANGUAGE_STANDARD = gnu99;
				GCC_WARN_64_TO_32_BIT_CONVERSION = YES;
				GCC_WARN_ABOUT_RETURN_TYPE = YES_ERROR;
				GCC_WARN_UNDECLARED_SELECTOR = YES;
				GCC_WARN_UNINITIALIZED_AUTOS = YES_AGGRESSIVE;
				GCC_WARN_UNUSED_FUNCTION = YES;
				GCC_WARN_UNUSED_VARIABLE = YES;
				IPHONEOS_DEPLOYMENT_TARGET = 7.1;
				SDKROOT = iphoneos;
				VALIDATE_PRODUCT = YES;
			};
			name = Release;
		};
		580FD83F192EFD2700F22369 /* Debug */ = {
			isa = XCBuildConfiguration;
			buildSettings = {
				ASSETCATALOG_COMPILER_APPICON_NAME = AppIcon;
				ASSETCATALOG_COMPILER_LAUNCHIMAGE_NAME = LaunchImage;
				GCC_PRECOMPILE_PREFIX_HEADER = YES;
				GCC_PREFIX_HEADER = "Matchismo/Matchismo-Prefix.pch";
				INFOPLIST_FILE = "Matchismo/Matchismo-Info.plist";
				PRODUCT_NAME = "$(TARGET_NAME)";
				WRAPPER_EXTENSION = app;
			};
			name = Debug;
		};
		580FD840192EFD2700F22369 /* Release */ = {
			isa = XCBuildConfiguration;
			buildSettings = {
				ASSETCATALOG_COMPILER_APPICON_NAME = AppIcon;
				ASSETCATALOG_COMPILER_LAUNCHIMAGE_NAME = LaunchImage;
				GCC_PRECOMPILE_PREFIX_HEADER = YES;
				GCC_PREFIX_HEADER = "Matchismo/Matchismo-Prefix.pch";
				INFOPLIST_FILE = "Matchismo/Matchismo-Info.plist";
				PRODUCT_NAME = "$(TARGET_NAME)";
				WRAPPER_EXTENSION = app;
			};
			name = Release;
		};
		580FD842192EFD2700F22369 /* Debug */ = {
			isa = XCBuildConfiguration;
			buildSettings = {
				BUNDLE_LOADER = "$(BUILT_PRODUCTS_DIR)/Matchismo.app/Matchismo";
				FRAMEWORK_SEARCH_PATHS = (
					"$(SDKROOT)/Developer/Library/Frameworks",
					"$(inherited)",
					"$(DEVELOPER_FRAMEWORKS_DIR)",
				);
				GCC_PRECOMPILE_PREFIX_HEADER = YES;
				GCC_PREFIX_HEADER = "Matchismo/Matchismo-Prefix.pch";
				GCC_PREPROCESSOR_DEFINITIONS = (
					"DEBUG=1",
					"$(inherited)",
				);
				INFOPLIST_FILE = "MatchismoTests/MatchismoTests-Info.plist";
				PRODUCT_NAME = "$(TARGET_NAME)";
				TEST_HOST = "$(BUNDLE_LOADER)";
				WRAPPER_EXTENSION = xctest;
			};
			name = Debug;
		};
		580FD843192EFD2700F22369 /* Release */ = {
			isa = XCBuildConfiguration;
			buildSettings = {
				BUNDLE_LOADER = "$(BUILT_PRODUCTS_DIR)/Matchismo.app/Matchismo";
				FRAMEWORK_SEARCH_PATHS = (
					"$(SDKROOT)/Developer/Library/Frameworks",
					"$(inherited)",
					"$(DEVELOPER_FRAMEWORKS_DIR)",
				);
				GCC_PRECOMPILE_PREFIX_HEADER = YES;
				GCC_PREFIX_HEADER = "Matchismo/Matchismo-Prefix.pch";
				INFOPLIST_FILE = "MatchismoTests/MatchismoTests-Info.plist";
				PRODUCT_NAME = "$(TARGET_NAME)";
				TEST_HOST = "$(BUNDLE_LOADER)";
				WRAPPER_EXTENSION = xctest;
			};
			name = Release;
		};
/* End XCBuildConfiguration section */

/* Begin XCConfigurationList section */
		580FD807192EFD2600F22369 /* Build configuration list for PBXProject "Matchismo" */ = {
			isa = XCConfigurationList;
			buildConfigurations = (
				580FD83C192EFD2700F22369 /* Debug */,
				580FD83D192EFD2700F22369 /* Release */,
			);
			defaultConfigurationIsVisible = 0;
			defaultConfigurationName = Release;
		};
		580FD83E192EFD2700F22369 /* Build configuration list for PBXNativeTarget "Matchismo" */ = {
			isa = XCConfigurationList;
			buildConfigurations = (
				580FD83F192EFD2700F22369 /* Debug */,
				580FD840192EFD2700F22369 /* Release */,
			);
			defaultConfigurationIsVisible = 0;
		};
		580FD841192EFD2700F22369 /* Build configuration list for PBXNativeTarget "MatchismoTests" */ = {
			isa = XCConfigurationList;
			buildConfigurations = (
				580FD842192EFD2700F22369 /* Debug */,
				580FD843192EFD2700F22369 /* Release */,
			);
			defaultConfigurationIsVisible = 0;
		};
/* End XCConfigurationList section */
	};
	rootObject = 580FD804192EFD2600F22369 /* Project object */;
}
